{
  "name": "@vipentti/npm-release-flow",
  "version": "0.0.0",
  "lockfileVersion": 3,
  "requires": true,
  "packages": {
    "": {
      "name": "@vipentti/npm-release-flow",
      "version": "0.0.0",
      "license": "MIT",
      "bin": {
        "npm-release-flow": "bin/npm-release-flow.mjs"
      },
      "engines": {
        "node": ">=22.14.0"
      }
    }
  }
}
